langcode: en
status: true
dependencies:
  module:
    - social_post
    - system
  theme:
    - ecultura_theme
id: ecultura_theme_postongroupblock
theme: ecultura_theme
region: hidden
weight: -26
provider: null
plugin: post_group_block
settings:
  id: post_group_block
  label: 'Post on group block'
  provider: social_post
  label_display: '0'
visibility:
  request_path:
    id: request_path
    pages: '/group/*/stream'
    negate: false
    context_mapping: {  }
